// !$*UTF8*$!
{
	archiveVersion = 1;
	classes = {
	};
	objectVersion = 56;
	objects = {

/* Begin PBXBuildFile section */
		78640B922A28CC3C005C87BB /* BackToRootApp.swift in Sources */ = {isa = PBXBuildFile; fileRef = 78640B912A28CC3C005C87BB /* BackToRootApp.swift */; };
		78640B942A28CC3C005C87BB /* ContentView.swift in Sources */ = {isa = PBXBuildFile; fileRef = 78640B932A28CC3C005C87BB /* ContentView.swift */; };
		78640B962A28CC3D005C87BB /* Assets.xcassets in Resources */ = {isa = PBXBuildFile; fileRef = 78640B952A28CC3D005C87BB /* Assets.xcassets */; };
		78640B992A28CC3D005C87BB /* Preview Assets.xcassets in Resources */ = {isa = PBXBuildFile; fileRef = 78640B982A28CC3D005C87BB /* Preview Assets.xcassets */; };
		78640BA32A28CC3D005C87BB /* BackToRootTests.swift in Sources */ = {isa = PBXBuildFile; fileRef = 78640BA22A28CC3D005C87BB /* BackToRootTests.swift */; };
		78640BAD2A28CC3D005C87BB /* BackToRootUITests.swift in Sources */ = {isa = PBXBuildFile; fileRef = 78640BAC2A28CC3D005C87BB /* BackToRootUITests.swift */; };
		78640BAF2A28CC3D005C87BB /* BackToRootUITestsLaunchTests.swift in Sources */ = {isa = PBXBuildFile; fileRef = 78640BAE2A28CC3D005C87BB /* BackToRootUITestsLaunchTests.swift */; };
		78640BBC2A28CC4D005C87BB /* BaseView.swift in Sources */ = {isa = PBXBuildFile; fileRef = 78640BBB2A28CC4D005C87BB /* BaseView.swift */; };
		78640BBE2A28CC83005C87BB /* Page.swift in Sources */ = {isa = PBXBuildFile; fileRef = 78640BBD2A28CC83005C87BB /* Page.swift */; };
		78640BC02A28CC9B005C87BB /* ThirdView.swift in Sources */ = {isa = PBXBuildFile; fileRef = 78640BBF2A28CC9B005C87BB /* ThirdView.swift */; };
		78640BC22A28CCA8005C87BB /* SecondView.swift in Sources */ = {isa = PBXBuildFile; fileRef = 78640BC12A28CCA8005C87BB /* SecondView.swift */; };
/* End PBXBuildFile section */

/* Begin PBXContainerItemProxy section */
		78640B9F2A28CC3D005C87BB /* PBXContainerItemProxy */ = {
			isa = PBXContainerItemProxy;
			containerPortal = 78640B862A28CC3C005C87BB /* Project object */;
			proxyType = 1;
			remoteGlobalIDString = 78640B8D2A28CC3C005C87BB;
			remoteInfo = BackToRoot;
		};
		78640BA92A28CC3D005C87BB /* PBXContainerItemProxy */ = {
			isa = PBXContainerItemProxy;
			containerPortal = 78640B862A28CC3C005C87BB /* Project object */;
			proxyType = 1;
			remoteGlobalIDString = 78640B8D2A28CC3C005C87BB;
			remoteInfo = BackToRoot;
		};
/* End PBXContainerItemProxy section */

/* Begin PBXFileReference section */
		78640B8E2A28CC3C005C87BB /* BackToRoot.app */ = {isa = PBXFileReference; explicitFileType = wrapper.application; includeInIndex = 0; path = BackToRoot.app; sourceTree = BUILT_PRODUCTS_DIR; };
		78640B912A28CC3C005C87BB /* BackToRootApp.swift */ = {isa = PBXFileReference; lastKnownFileType = sourcecode.swift; path = BackToRootApp.swift; sourceTree = "<group>"; };
		78640B932A28CC3C005C87BB /* ContentView.swift */ = {isa = PBXFileReference; lastKnownFileType = sourcecode.swift; path = ContentView.swift; sourceTree = "<group>"; };
		78640B952A28CC3D005C87BB /* Assets.xcassets */ = {isa = PBXFileReference; lastKnownFileType = folder.assetcatalog; path = Assets.xcassets; sourceTree = "<group>"; };
		78640B982A28CC3D005C87BB /* Preview Assets.xcassets */ = {isa = PBXFileReference; lastKnownFileType = folder.assetcatalog; path = "Preview Assets.xcassets"; sourceTree = "<group>"; };
		78640B9E2A28CC3D005C87BB /* BackToRootTests.xctest */ = {isa = PBXFileReference; explicitFileType = wrapper.cfbundle; includeInIndex = 0; path = BackToRootTests.xctest; sourceTree = BUILT_PRODUCTS_DIR; };
		78640BA22A28CC3D005C87BB /* BackToRootTests.swift */ = {isa = PBXFileReference; lastKnownFileType = sourcecode.swift; path = BackToRootTests.swift; sourceTree = "<group>"; };
		78640BA82A28CC3D005C87BB /* BackToRootUITests.xctest */ = {isa = PBXFileReference; explicitFileType = wrapper.cfbundle; includeInIndex = 0; path = BackToRootUITests.xctest; sourceTree = BUILT_PRODUCTS_DIR; };
		78640BAC2A28CC3D005C87BB /* BackToRootUITests.swift */ = {isa = PBXFileReference; lastKnownFileType = sourcecode.swift; path = BackToRootUITests.swift; sourceTree = "<group>"; };
		78640BAE2A28CC3D005C87BB /* BackToRootUITestsLaunchTests.swift */ = {isa = PBXFileReference; lastKnownFileType = sourcecode.swift; path = BackToRootUITestsLaunchTests.swift; sourceTree = "<group>"; };
		78640BBB2A28CC4D005C87BB /* BaseView.swift */ = {isa = PBXFileReference; lastKnownFileType = sourcecode.swift; path = BaseView.swift; sourceTree = "<group>"; };
		78640BBD2A28CC83005C87BB /* Page.swift */ = {isa = PBXFileReference; lastKnownFileType = sourcecode.swift; path = Page.swift; sourceTree = "<group>"; };
		78640BBF2A28CC9B005C87BB /* ThirdView.swift */ = {isa = PBXFileReference; lastKnownFileType = sourcecode.swift; path = ThirdView.swift; sourceTree = "<group>"; };
		78640BC12A28CCA8005C87BB /* SecondView.swift */ = {isa = PBXFileReference; lastKnownFileType = sourcecode.swift; path = SecondView.swift; sourceTree = "<group>"; };
/* End PBXFileReference section */

/* Begin PBXFrameworksBuildPhase section */
		78640B8B2A28CC3C005C87BB /* Frameworks */ = {
			isa = PBXFrameworksBuildPhase;
			buildActionMask = 2147483647;
			files = (
			);
			runOnlyForDeploymentPostprocessing = 0;
		};
		78640B9B2A28CC3D005C87BB /* Frameworks */ = {
			isa = PBXFrameworksBuildPhase;
			buildActionMask = 2147483647;
			files = (
			);
			runOnlyForDeploymentPostprocessing = 0;
		};
		78640BA52A28CC3D005C87BB /* Frameworks */ = {
			isa = PBXFrameworksBuildPhase;
			buildActionMask = 2147483647;
			files = (
			);
			runOnlyForDeploymentPostprocessing = 0;
		};
/* End PBXFrameworksBuildPhase section */

/* Begin PBXGroup section */
		78640B852A28CC3C005C87BB = {
			isa = PBXGroup;
			children = (
				78640B902A28CC3C005C87BB /* BackToRoot */,
				78640BA12A28CC3D005C87BB /* BackToRootTests */,
				78640BAB2A28CC3D005C87BB /* BackToRootUITests */,
				78640B8F2A28CC3C005C87BB /* Products */,
			);
			sourceTree = "<group>";
		};
		78640B8F2A28CC3C005C87BB /* Products */ = {
			isa = PBXGroup;
			children = (
				78640B8E2A28CC3C005C87BB /* BackToRoot.app */,
				78640B9E2A28CC3D005C87BB /* BackToRootTests.xctest */,
				78640BA82A28CC3D005C87BB /* BackToRootUITests.xctest */,
			);
			name = Products;
			sourceTree = "<group>";
		};
		78640B902A28CC3C005C87BB /* BackToRoot */ = {
			isa = PBXGroup;
			children = (
				78640B912A28CC3C005C87BB /* BackToRootApp.swift */,
				78640B932A28CC3C005C87BB /* ContentView.swift */,
				78640BBF2A28CC9B005C87BB /* ThirdView.swift */,
				78640BC12A28CCA8005C87BB /* SecondView.swift */,
				78640B952A28CC3D005C87BB /* Assets.xcassets */,
				78640B972A28CC3D005C87BB /* Preview Content */,
				78640BBB2A28CC4D005C87BB /* BaseView.swift */,
				78640BBD2A28CC83005C87BB /* Page.swift */,
			);
			path = BackToRoot;
			sourceTree = "<group>";
		};
		78640B972A28CC3D005C87BB /* Preview Content */ = {
			isa = PBXGroup;
			children = (
				78640B982A28CC3D005C87BB /* Preview Assets.xcassets */,
			);
			path = "Preview Content";
			sourceTree = "<group>";
		};
		78640BA12A28CC3D005C87BB /* BackToRootTests */ = {
			isa = PBXGroup;
			children = (
				78640BA22A28CC3D005C87BB /* BackToRootTests.swift */,
			);
			path = BackToRootTests;
			sourceTree = "<group>";
		};
		78640BAB2A28CC3D005C87BB /* BackToRootUITests */ = {
			isa = PBXGroup;
			children = (
				78640BAC2A28CC3D005C87BB /* BackToRootUITests.swift */,
				78640BAE2A28CC3D005C87BB /* BackToRootUITestsLaunchTests.swift */,
			);
			path = BackToRootUITests;
			sourceTree = "<group>";
		};
/* End PBXGroup section */

/* Begin PBXNativeTarget section */
		78640B8D2A28CC3C005C87BB /* BackToRoot */ = {
			isa = PBXNativeTarget;
			buildConfigurationList = 78640BB22A28CC3D005C87BB /* Build configuration list for PBXNativeTarget "BackToRoot" */;
			buildPhases = (
				78640B8A2A28CC3C005C87BB /* Sources */,
				78640B8B2A28CC3C005C87BB /* Frameworks */,
				78640B8C2A28CC3C005C87BB /* Resources */,
			);
			buildRules = (
			);
			dependencies = (
			);
			name = BackToRoot;
			productName = BackToRoot;
			productReference = 78640B8E2A28CC3C005C87BB /* BackToRoot.app */;
			productType = "com.apple.product-type.application";
		};
		78640B9D2A28CC3D005C87BB /* BackToRootTests */ = {
			isa = PBXNativeTarget;
			buildConfigurationList = 78640BB52A28CC3D005C87BB /* Build configuration list for PBXNativeTarget "BackToRootTests" */;
			buildPhases = (
				78640B9A2A28CC3D005C87BB /* Sources */,
				78640B9B2A28CC3D005C87BB /* Frameworks */,
				78640B9C2A28CC3D005C87BB /* Resources */,
			);
			buildRules = (
			);
			dependencies = (
				78640BA02A28CC3D005C87BB /* PBXTargetDependency */,
			);
			name = BackToRootTests;
			productName = BackToRootTests;
			productReference = 78640B9E2A28CC3D005C87BB /* BackToRootTests.xctest */;
			productType = "com.apple.product-type.bundle.unit-test";
		};
		78640BA72A28CC3D005C87BB /* BackToRootUITests */ = {
			isa = PBXNativeTarget;
			buildConfigurationList = 78640BB82A28CC3D005C87BB /* Build configuration list for PBXNativeTarget "BackToRootUITests" */;
			buildPhases = (
				78640BA42A28CC3D005C87BB /* Sources */,
				78640BA52A28CC3D005C87BB /* Frameworks */,
				78640BA62A28CC3D005C87BB /* Resources */,
			);
			buildRules = (
			);
			dependencies = (
				78640BAA2A28CC3D005C87BB /* PBXTargetDependency */,
			);
			name = BackToRootUITests;
			productName = BackToRootUITests;
			productReference = 78640BA82A28CC3D005C87BB /* BackToRootUITests.xctest */;
			productType = "com.apple.product-type.bundle.ui-testing";
		};
/* End PBXNativeTarget section */

/* Begin PBXProject section */
		78640B862A28CC3C005C87BB /* Project object */ = {
			isa = PBXProject;
			attributes = {
				BuildIndependentTargetsInParallel = 1;
				LastSwiftUpdateCheck = 1420;
				LastUpgradeCheck = 1420;
				TargetAttributes = {
					78640B8D2A28CC3C005C87BB = {
						CreatedOnToolsVersion = 14.2;
					};
					78640B9D2A28CC3D005C87BB = {
						CreatedOnToolsVersion = 14.2;
						TestTargetID = 78640B8D2A28CC3C005C87BB;
					};
					78640BA72A28CC3D005C87BB = {
						CreatedOnToolsVersion = 14.2;
						TestTargetID = 78640B8D2A28CC3C005C87BB;
					};
				};
			};
			buildConfigurationList = 78640B892A28CC3C005C87BB /* Build configuration list for PBXProject "BackToRoot" */;
			compatibilityVersion = "Xcode 14.0";
			developmentRegion = en;
			hasScannedForEncodings = 0;
			knownRegions = (
				en,
				Base,
			);
			mainGroup = 78640B852A28CC3C005C87BB;
			productRefGroup = 78640B8F2A28CC3C005C87BB /* Products */;
			projectDirPath = "";
			projectRoot = "";
			targets = (
				78640B8D2A28CC3C005C87BB /* BackToRoot */,
				78640B9D2A28CC3D005C87BB /* BackToRootTests */,
				78640BA72A28CC3D005C87BB /* BackToRootUITests */,
			);
		};
/* End PBXProject section */

/* Begin PBXResourcesBuildPhase section */
		78640B8C2A28CC3C005C87BB /* Resources */ = {
			isa = PBXResourcesBuildPhase;
			buildActionMask = 2147483647;
			files = (
				78640B992A28CC3D005C87BB /* Preview Assets.xcassets in Resources */,
				78640B962A28CC3D005C87BB /* Assets.xcassets in Resources */,
			);
			runOnlyForDeploymentPostprocessing = 0;
		};
		78640B9C2A28CC3D005C87BB /* Resources */ = {
			isa = PBXResourcesBuildPhase;
			buildActionMask = 2147483647;
			files = (
			);
			runOnlyForDeploymentPostprocessing = 0;
		};
		78640BA62A28CC3D005C87BB /* Resources */ = {
			isa = PBXResourcesBuildPhase;
			buildActionMask = 2147483647;
			files = (
			);
			runOnlyForDeploymentPostprocessing = 0;
		};
/* End PBXResourcesBuildPhase section */

/* Begin PBXSourcesBuildPhase section */
		78640B8A2A28CC3C005C87BB /* Sources */ = {
			isa = PBXSourcesBuildPhase;
			buildActionMask = 2147483647;
			files = (
				78640BC22A28CCA8005C87BB /* SecondView.swift in Sources */,
				78640BBC2A28CC4D005C87BB /* BaseView.swift in Sources */,
				78640BC02A28CC9B005C87BB /* ThirdView.swift in Sources */,
				78640B942A28CC3C005C87BB /* ContentView.swift in Sources */,
				78640BBE2A28CC83005C87BB /* Page.swift in Sources */,
				78640B922A28CC3C005C87BB /* BackToRootApp.swift in Sources */,
			);
			runOnlyForDeploymentPostprocessing = 0;
		};
		78640B9A2A28CC3D005C87BB /* Sources */ = {
			isa = PBXSourcesBuildPhase;
			buildActionMask = 2147483647;
			files = (
				78640BA32A28CC3D005C87BB /* BackToRootTests.swift in Sources */,
			);
			runOnlyForDeploymentPostprocessing = 0;
		};
		78640BA42A28CC3D005C87BB /* Sources */ = {
			isa = PBXSourcesBuildPhase;
			buildActionMask = 2147483647;
			files = (
				78640BAF2A28CC3D005C87BB /* BackToRootUITestsLaunchTests.swift in Sources */,
				78640BAD2A28CC3D005C87BB /* BackToRootUITests.swift in Sources */,
			);
			runOnlyForDeploymentPostprocessing = 0;
		};
/* End PBXSourcesBuildPhase section */

/* Begin PBXTargetDependency section */
		78640BA02A28CC3D005C87BB /* PBXTargetDependency */ = {
			isa = PBXTargetDependency;
			target = 78640B8D2A28CC3C005C87BB /* BackToRoot */;
			targetProxy = 78640B9F2A28CC3D005C87BB /* PBXContainerItemProxy */;
		};
		78640BAA2A28CC3D005C87BB /* PBXTargetDependency */ = {
			isa = PBXTargetDependency;
			target = 78640B8D2A28CC3C005C87BB /* BackToRoot */;
			targetProxy = 78640BA92A28CC3D005C87BB /* PBXContainerItemProxy */;
		};
/* End PBXTargetDependency section */

/* Begin XCBuildConfiguration section */
		78640BB02A28CC3D005C87BB /* Debug */ = {
			isa = XCBuildConfiguration;
			buildSettings = {
				ALWAYS_SEARCH_USER_PATHS = NO;
				CLANG_ANALYZER_NONNULL = YES;
				CLANG_ANALYZER_NUMBER_OBJECT_CONVERSION = YES_AGGRESSIVE;
				CLANG_CXX_LANGUAGE_STANDARD = "gnu++20";
				CLANG_ENABLE_MODULES = YES;
				CLANG_ENABLE_OBJC_ARC = YES;
				CLANG_ENABLE_OBJC_WEAK = YES;
				CLANG_WARN_BLOCK_CAPTURE_AUTORELEASING = YES;
				CLANG_WARN_BOOL_CONVERSION = YES;
				CLANG_WARN_COMMA = YES;
				CLANG_WARN_CONSTANT_CONVERSION = YES;
				CLANG_WARN_DEPRECATED_OBJC_IMPLEMENTATIONS = YES;
				CLANG_WARN_DIRECT_OBJC_ISA_USAGE = YES_ERROR;
				CLANG_WARN_DOCUMENTATION_COMMENTS = YES;
				CLANG_WARN_EMPTY_BODY = YES;
				CLANG_WARN_ENUM_CONVERSION = YES;
				CLANG_WARN_INFINITE_RECURSION = YES;
				CLANG_WARN_INT_CONVERSION = YES;
				CLANG_WARN_NON_LITERAL_NULL_CONVERSION = YES;
				CLANG_WARN_OBJC_IMPLICIT_RETAIN_SELF = YES;
				CLANG_WARN_OBJC_LITERAL_CONVERSION = YES;
				CLANG_WARN_OBJC_ROOT_CLASS = YES_ERROR;
				CLANG_WARN_QUOTED_INCLUDE_IN_FRAMEWORK_HEADER = YES;
				CLANG_WARN_RANGE_LOOP_ANALYSIS = YES;
				CLANG_WARN_STRICT_PROTOTYPES = YES;
				CLANG_WARN_SUSPICIOUS_MOVE = YES;
				CLANG_WARN_UNGUARDED_AVAILABILITY = YES_AGGRESSIVE;
				CLANG_WARN_UNREACHABLE_CODE = YES;
				CLANG_WARN__DUPLICATE_METHOD_MATCH = YES;
				COPY_PHASE_STRIP = NO;
				DEBUG_INFORMATION_FORMAT = dwarf;
				ENABLE_STRICT_OBJC_MSGSEND = YES;
				ENABLE_TESTABILITY = YES;
				GCC_C_LANGUAGE_STANDARD = gnu11;
				GCC_DYNAMIC_NO_PIC = NO;
				GCC_NO_COMMON_BLOCKS = YES;
				GCC_OPTIMIZATION_LEVEL = 0;
				GCC_PREPROCESSOR_DEFINITIONS = (
					"DEBUG=1",
					"$(inherited)",
				);
				GCC_WARN_64_TO_32_BIT_CONVERSION = YES;
				GCC_WARN_ABOUT_RETURN_TYPE = YES_ERROR;
				GCC_WARN_UNDECLARED_SELECTOR = YES;
				GCC_WARN_UNINITIALIZED_AUTOS = YES_AGGRESSIVE;
				GCC_WARN_UNUSED_FUNCTION = YES;
				GCC_WARN_UNUSED_VARIABLE = YES;
				IPHONEOS_DEPLOYMENT_TARGET = 16.2;
				MTL_ENABLE_DEBUG_INFO = INCLUDE_SOURCE;
				MTL_FAST_MATH = YES;
				ONLY_ACTIVE_ARCH = YES;
				SDKROOT = iphoneos;
				SWIFT_ACTIVE_COMPILATION_CONDITIONS = DEBUG;
				SWIFT_OPTIMIZATION_LEVEL = "-Onone";
			};
			name = Debug;
		};
		78640BB12A28CC3D005C87BB /* Release */ = {
			isa = XCBuildConfiguration;
			buildSettings = {
				ALWAYS_SEARCH_USER_PATHS = NO;
				CLANG_ANALYZER_NONNULL = YES;
				CLANG_ANALYZER_NUMBER_OBJECT_CONVERSION = YES_AGGRESSIVE;
				CLANG_CXX_LANGUAGE_STANDARD = "gnu++20";
				CLANG_ENABLE_MODULES = YES;
				CLANG_ENABLE_OBJC_ARC = YES;
				CLANG_ENABLE_OBJC_WEAK = YES;
				CLANG_WARN_BLOCK_CAPTURE_AUTORELEASING = YES;
				CLANG_WARN_BOOL_CONVERSION = YES;
				CLANG_WARN_COMMA = YES;
				CLANG_WARN_CONSTANT_CONVERSION = YES;
				CLANG_WARN_DEPRECATED_OBJC_IMPLEMENTATIONS = YES;
				CLANG_WARN_DIRECT_OBJC_ISA_USAGE = YES_ERROR;
				CLANG_WARN_DOCUMENTATION_COMMENTS = YES;
				CLANG_WARN_EMPTY_BODY = YES;
				CLANG_WARN_ENUM_CONVERSION = YES;
				CLANG_WARN_INFINITE_RECURSION = YES;
				CLANG_WARN_INT_CONVERSION = YES;
				CLANG_WARN_NON_LITERAL_NULL_CONVERSION = YES;
				CLANG_WARN_OBJC_IMPLICIT_RETAIN_SELF = YES;
				CLANG_WARN_OBJC_LITERAL_CONVERSION = YES;
				CLANG_WARN_OBJC_ROOT_CLASS = YES_ERROR;
				CLANG_WARN_QUOTED_INCLUDE_IN_FRAMEWORK_HEADER = YES;
				CLANG_WARN_RANGE_LOOP_ANALYSIS = YES;
				CLANG_WARN_STRICT_PROTOTYPES = YES;
				CLANG_WARN_SUSPICIOUS_MOVE = YES;
				CLANG_WARN_UNGUARDED_AVAILABILITY = YES_AGGRESSIVE;
				CLANG_WARN_UNREACHABLE_CODE = YES;
				CLANG_WARN__DUPLICATE_METHOD_MATCH = YES;
				COPY_PHASE_STRIP = NO;
				DEBUG_INFORMATION_FORMAT = "dwarf-with-dsym";
				ENABLE_NS_ASSERTIONS = NO;
				ENABLE_STRICT_OBJC_MSGSEND = YES;
				GCC_C_LANGUAGE_STANDARD = gnu11;
				GCC_NO_COMMON_BLOCKS = YES;
				GCC_WARN_64_TO_32_BIT_CONVERSION = YES;
				GCC_WARN_ABOUT_RETURN_TYPE = YES_ERROR;
				GCC_WARN_UNDECLARED_SELECTOR = YES;
				GCC_WARN_UNINITIALIZED_AUTOS = YES_AGGRESSIVE;
				GCC_WARN_UNUSED_FUNCTION = YES;
				GCC_WARN_UNUSED_VARIABLE = YES;
				IPHONEOS_DEPLOYMENT_TARGET = 16.2;
				MTL_ENABLE_DEBUG_INFO = NO;
				MTL_FAST_MATH = YES;
				SDKROOT = iphoneos;
				SWIFT_COMPILATION_MODE = wholemodule;
				SWIFT_OPTIMIZATION_LEVEL = "-O";
				VALIDATE_PRODUCT = YES;
			};
			name = Release;
		};
		78640BB32A28CC3D005C87BB /* Debug */ = {
			isa = XCBuildConfiguration;
			buildSettings = {
				ASSETCATALOG_COMPILER_APPICON_NAME = AppIcon;
				ASSETCATALOG_COMPILER_GLOBAL_ACCENT_COLOR_NAME = AccentColor;
				CODE_SIGN_STYLE = Automatic;
				CURRENT_PROJECT_VERSION = 1;
				DEVELOPMENT_ASSET_PATHS = "\"BackToRoot/Preview Content\"";
				DEVELOPMENT_TEAM = ATHR44FBVZ;
				ENABLE_PREVIEWS = YES;
				GENERATE_INFOPLIST_FILE = YES;
				INFOPLIST_KEY_UIApplicationSceneManifest_Generation = YES;
				INFOPLIST_KEY_UIApplicationSupportsIndirectInputEvents = YES;
				INFOPLIST_KEY_UILaunchScreen_Generation = YES;
				INFOPLIST_KEY_UISupportedInterfaceOrientations_iPad = "UIInterfaceOrientationPortrait UIInterfaceOrientationPortraitUpsideDown UIInterfaceOrientationLandscapeLeft UIInterfaceOrientationLandscapeRight";
				INFOPLIST_KEY_UISupportedInterfaceOrientations_iPhone = "UIInterfaceOrientationPortrait UIInterfaceOrientationLandscapeLeft UIInterfaceOrientationLandscapeRight";
				LD_RUNPATH_SEARCH_PATHS = (
					"$(inherited)",
					"@executable_path/Frameworks",
				);
				MARKETING_VERSION = 1.0;
				PRODUCT_BUNDLE_IDENTIFIER = com.appleDev.BackToRoot;
				PRODUCT_NAME = "$(TARGET_NAME)";
				SWIFT_EMIT_LOC_STRINGS = YES;
				SWIFT_VERSION = 5.0;
				TARGETED_DEVICE_FAMILY = "1,2";
			};
			name = Debug;
		};
		78640BB42A28CC3D005C87BB /* Release */ = {
			isa = XCBuildConfiguration;
			buildSettings = {
				ASSETCATALOG_COMPILER_APPICON_NAME = AppIcon;
				ASSETCATALOG_COMPILER_GLOBAL_ACCENT_COLOR_NAME = AccentColor;
				CODE_SIGN_STYLE = Automatic;
				CURRENT_PROJECT_VERSION = 1;
				DEVELOPMENT_ASSET_PATHS = "\"BackToRoot/Preview Content\"";
				DEVELOPMENT_TEAM = ATHR44FBVZ;
				ENABLE_PREVIEWS = YES;
				GENERATE_INFOPLIST_FILE = YES;
				INFOPLIST_KEY_UIApplicationSceneManifest_Generation = YES;
				INFOPLIST_KEY_UIApplicationSupportsIndirectInputEvents = YES;
				INFOPLIST_KEY_UILaunchScreen_Generation = YES;
				INFOPLIST_KEY_UISupportedInterfaceOrientations_iPad = "UIInterfaceOrientationPortrait UIInterfaceOrientationPortraitUpsideDown UIInterfaceOrientationLandscapeLeft UIInterfaceOrientationLandscapeRight";
				INFOPLIST_KEY_UISupportedInterfaceOrientations_iPhone = "UIInterfaceOrientationPortrait UIInterfaceOrientationLandscapeLeft UIInterfaceOrientationLandscapeRight";
				LD_RUNPATH_SEARCH_PATHS = (
					"$(inherited)",
					"@executable_path/Frameworks",
				);
				MARKETING_VERSION = 1.0;
				PRODUCT_BUNDLE_IDENTIFIER = com.appleDev.BackToRoot;
				PRODUCT_NAME = "$(TARGET_NAME)";
				SWIFT_EMIT_LOC_STRINGS = YES;
				SWIFT_VERSION = 5.0;
				TARGETED_DEVICE_FAMILY = "1,2";
			};
			name = Release;
		};
		78640BB62A28CC3D005C87BB /* Debug */ = {
			isa = XCBuildConfiguration;
			buildSettings = {
				ALWAYS_EMBED_SWIFT_STANDARD_LIBRARIES = YES;
				BUNDLE_LOADER = "$(TEST_HOST)";
				CODE_SIGN_STYLE = Automatic;
				CURRENT_PROJECT_VERSION = 1;
				DEVELOPMENT_TEAM = ATHR44FBVZ;
				GENERATE_INFOPLIST_FILE = YES;
				IPHONEOS_DEPLOYMENT_TARGET = 16.2;
				MARKETING_VERSION = 1.0;
				PRODUCT_BUNDLE_IDENTIFIER = com.appleDev.BackToRootTests;
				PRODUCT_NAME = "$(TARGET_NAME)";
				SWIFT_EMIT_LOC_STRINGS = NO;
				SWIFT_VERSION = 5.0;
				TARGETED_DEVICE_FAMILY = "1,2";
				TEST_HOST = "$(BUILT_PRODUCTS_DIR)/BackToRoot.app/$(BUNDLE_EXECUTABLE_FOLDER_PATH)/BackToRoot";
			};
			name = Debug;
		};
		78640BB72A28CC3D005C87BB /* Release */ = {
			isa = XCBuildConfiguration;
			buildSettings = {
				ALWAYS_EMBED_SWIFT_STANDARD_LIBRARIES = YES;
				BUNDLE_LOADER = "$(TEST_HOST)";
				CODE_SIGN_STYLE = Automatic;
				CURRENT_PROJECT_VERSION = 1;
				DEVELOPMENT_TEAM = ATHR44FBVZ;
				GENERATE_INFOPLIST_FILE = YES;
				IPHONEOS_DEPLOYMENT_TARGET = 16.2;
				MARKETING_VERSION = 1.0;
				PRODUCT_BUNDLE_IDENTIFIER = com.appleDev.BackToRootTests;
				PRODUCT_NAME = "$(TARGET_NAME)";
				SWIFT_EMIT_LOC_STRINGS = NO;
				SWIFT_VERSION = 5.0;
				TARGETED_DEVICE_FAMILY = "1,2";
				TEST_HOST = "$(BUILT_PRODUCTS_DIR)/BackToRoot.app/$(BUNDLE_EXECUTABLE_FOLDER_PATH)/BackToRoot";
			};
			name = Release;
		};
		78640BB92A28CC3D005C87BB /* Debug */ = {
			isa = XCBuildConfiguration;
			buildSettings = {
				ALWAYS_EMBED_SWIFT_STANDARD_LIBRARIES = YES;
				CODE_SIGN_STYLE = Automatic;
				CURRENT_PROJECT_VERSION = 1;
				DEVELOPMENT_TEAM = ATHR44FBVZ;
				GENERATE_INFOPLIST_FILE = YES;
				MARKETING_VERSION = 1.0;
				PRODUCT_BUNDLE_IDENTIFIER = com.appleDev.BackToRootUITests;
				PRODUCT_NAME = "$(TARGET_NAME)";
				SWIFT_EMIT_LOC_STRINGS = NO;
				SWIFT_VERSION = 5.0;
				TARGETED_DEVICE_FAMILY = "1,2";
				TEST_TARGET_NAME = BackToRoot;
			};
			name = Debug;
		};
		78640BBA2A28CC3D005C87BB /* Release */ = {
			isa = XCBuildConfiguration;
			buildSettings = {
				ALWAYS_EMBED_SWIFT_STANDARD_LIBRARIES = YES;
				CODE_SIGN_STYLE = Automatic;
				CURRENT_PROJECT_VERSION = 1;
				DEVELOPMENT_TEAM = ATHR44FBVZ;
				GENERATE_INFOPLIST_FILE = YES;
				MARKETING_VERSION = 1.0;
				PRODUCT_BUNDLE_IDENTIFIER = com.appleDev.BackToRootUITests;
				PRODUCT_NAME = "$(TARGET_NAME)";
				SWIFT_EMIT_LOC_STRINGS = NO;
				SWIFT_VERSION = 5.0;
				TARGETED_DEVICE_FAMILY = "1,2";
				TEST_TARGET_NAME = BackToRoot;
			};
			name = Release;
		};
/* End XCBuildConfiguration section */

/* Begin XCConfigurationList section */
		78640B892A28CC3C005C87BB /* Build configuration list for PBXProject "BackToRoot" */ = {
			isa = XCConfigurationList;
			buildConfigurations = (
				78640BB02A28CC3D005C87BB /* Debug */,
				78640BB12A28CC3D005C87BB /* Release */,
			);
			defaultConfigurationIsVisible = 0;
			defaultConfigurationName = Release;
		};
		78640BB22A28CC3D005C87BB /* Build configuration list for PBXNativeTarget "BackToRoot" */ = {
			isa = XCConfigurationList;
			buildConfigurations = (
				78640BB32A28CC3D005C87BB /* Debug */,
				78640BB42A28CC3D005C87BB /* Release */,
			);
			defaultConfigurationIsVisible = 0;
			defaultConfigurationName = Release;
		};
		78640BB52A28CC3D005C87BB /* Build configuration list for PBXNativeTarget "BackToRootTests" */ = {
			isa = XCConfigurationList;
			buildConfigurations = (
				78640BB62A28CC3D005C87BB /* Debug */,
				78640BB72A28CC3D005C87BB /* Release */,
			);
			defaultConfigurationIsVisible = 0;
			defaultConfigurationName = Release;
		};
		78640BB82A28CC3D005C87BB /* Build configuration list for PBXNativeTarget "BackToRootUITests" */ = {
			isa = XCConfigurationList;
			buildConfigurations = (
				78640BB92A28CC3D005C87BB /* Debug */,
				78640BBA2A28CC3D005C87BB /* Release */,
			);
			defaultConfigurationIsVisible = 0;
			defaultConfigurationName = Release;
		};
/* End XCConfigurationList section */
	};
	rootObject = 78640B862A28CC3C005C87BB /* Project object */;
}
